
Microsoft Visual Studio Solution File, Format Version 12.00
# Visual Studio 15
VisualStudioVersion = 15.0.28307.106
MinimumVisualStudioVersion = 10.0.40219.1
Project("{FAE04EC0-301F-11D3-BF4B-00C04F79EFBC}") = "TapeEvenSplitting", "TapeEvenSplitting\TapeEvenSplitting.csproj", "{08A11282-4AB3-483F-A414-23F24733AD0D}"
EndProject
Global
	GlobalSection(SolutionConfigurationPlatforms) = preSolution
		Debug|Any CPU = Debug|Any CPU
		Release|Any CPU = Release|Any CPU
	EndGlobalSection
	GlobalSection(ProjectConfigurationPlatforms) = postSolution
		{08A11282-4AB3-483F-A414-23F24733AD0D}.Debug|Any CPU.ActiveCfg = Debug|Any CPU
		{08A11282-4AB3-483F-A414-23F24733AD0D}.Debug|Any CPU.Build.0 = Debug|Any CPU
		{08A11282-4AB3-483F-A414-23F24733AD0D}.Release|Any CPU.ActiveCfg = Release|Any CPU
		{08A11282-4AB3-483F-A414-23F24733AD0D}.Release|Any CPU.Build.0 = Release|Any CPU
	EndGlobalSection
	GlobalSection(SolutionProperties) = preSolution
		HideSolutionNode = FALSE
	EndGlobalSection
	GlobalSection(ExtensibilityGlobals) = postSolution
		SolutionGuid = {982922CD-C434-44A8-82E9-72663FD6A996}
	EndGlobalSection
EndGlobal
